
Microsoft Visual Studio Solution File, Format Version 12.00
# Visual Studio Version 17
VisualStudioVersion = 17.8.34511.84
MinimumVisualStudioVersion = 10.0.40219.1
Project("{FAE04EC0-301F-11D3-BF4B-00C04F79EFBC}") = "LotteryRNG", "LotteryRNG\LotteryRNG.csproj", "{3142AD13-D6F8-40AF-9F06-3D1DEA2EDA0C}"
EndProject
Global
	GlobalSection(SolutionConfigurationPlatforms) = preSolution
		Debug|Any CPU = Debug|Any CPU
		Release|Any CPU = Release|Any CPU
	EndGlobalSection
	GlobalSection(ProjectConfigurationPlatforms) = postSolution
		{3142AD13-D6F8-40AF-9F06-3D1DEA2EDA0C}.Debug|Any CPU.ActiveCfg = Debug|Any CPU
		{3142AD13-D6F8-40AF-9F06-3D1DEA2EDA0C}.Debug|Any CPU.Build.0 = Debug|Any CPU
		{3142AD13-D6F8-40AF-9F06-3D1DEA2EDA0C}.Release|Any CPU.ActiveCfg = Release|Any CPU
		{3142AD13-D6F8-40AF-9F06-3D1DEA2EDA0C}.Release|Any CPU.Build.0 = Release|Any CPU
	EndGlobalSection
	GlobalSection(SolutionProperties) = preSolution
		HideSolutionNode = FALSE
	EndGlobalSection
	GlobalSection(ExtensibilityGlobals) = postSolution
		SolutionGuid = {0E2F8630-D5DD-4471-8B41-97180D256005}
	EndGlobalSection
EndGlobal
